
Microsoft Visual Studio Solution File, Format Version 12.00
# Visual Studio Version 17
VisualStudioVersion = 17.0.32112.339
MinimumVisualStudioVersion = 10.0.40219.1
Project("{FAE04EC0-301F-11D3-BF4B-00C04F79EFBC}") = "AspNetCdnApi", "AspNetCdnApi\AspNetCdnApi.csproj", "{39FCDBDD-8A14-4E07-AFD6-88B5F8FD4171}"
EndProject
Global
	GlobalSection(SolutionConfigurationPlatforms) = preSolution
		Debug|Any CPU = Debug|Any CPU
		Release|Any CPU = Release|Any CPU
	EndGlobalSection
	GlobalSection(ProjectConfigurationPlatforms) = postSolution
		{39FCDBDD-8A14-4E07-AFD6-88B5F8FD4171}.Debug|Any CPU.ActiveCfg = Debug|Any CPU
		{39FCDBDD-8A14-4E07-AFD6-88B5F8FD4171}.Debug|Any CPU.Build.0 = Debug|Any CPU
		{39FCDBDD-8A14-4E07-AFD6-88B5F8FD4171}.Release|Any CPU.ActiveCfg = Release|Any CPU
		{39FCDBDD-8A14-4E07-AFD6-88B5F8FD4171}.Release|Any CPU.Build.0 = Release|Any CPU
	EndGlobalSection
	GlobalSection(SolutionProperties) = preSolution
		HideSolutionNode = FALSE
	EndGlobalSection
	GlobalSection(ExtensibilityGlobals) = postSolution
		SolutionGuid = {962D8443-D273-453B-B4DD-C2A41AD10E8D}
	EndGlobalSection
EndGlobal
